
Microsoft Visual Studio Solution File, Format Version 12.00
# Visual Studio Version 17
VisualStudioVersion = 17.8.34330.188
MinimumVisualStudioVersion = 10.0.40219.1
Project("{FAE04EC0-301F-11D3-BF4B-00C04F79EFBC}") = "CarsMovementLibrary", "CarsMovementLibrary\CarsMovementLibrary.csproj", "{7F5AB213-BC68-4CBF-BA26-BF9578A447AA}"
EndProject
Global
	GlobalSection(SolutionConfigurationPlatforms) = preSolution
		Debug|Any CPU = Debug|Any CPU
		Release|Any CPU = Release|Any CPU
	EndGlobalSection
	GlobalSection(ProjectConfigurationPlatforms) = postSolution
		{7F5AB213-BC68-4CBF-BA26-BF9578A447AA}.Debug|Any CPU.ActiveCfg = Debug|Any CPU
		{7F5AB213-BC68-4CBF-BA26-BF9578A447AA}.Debug|Any CPU.Build.0 = Debug|Any CPU
		{7F5AB213-BC68-4CBF-BA26-BF9578A447AA}.Release|Any CPU.ActiveCfg = Release|Any CPU
		{7F5AB213-BC68-4CBF-BA26-BF9578A447AA}.Release|Any CPU.Build.0 = Release|Any CPU
	EndGlobalSection
	GlobalSection(SolutionProperties) = preSolution
		HideSolutionNode = FALSE
	EndGlobalSection
	GlobalSection(ExtensibilityGlobals) = postSolution
		SolutionGuid = {86BD8795-CB3E-4BAB-B43D-3B8EA2C01E29}
	EndGlobalSection
EndGlobal
